// !$*UTF8*$!
{
	archiveVersion = 1;
	classes = {
	};
	objectVersion = 48;
	objects = {

/* Begin PBXBuildFile section */
		AC8BD7FF2075941E002F8453 /* release-1.0.rtf in Resources */ = {isa = PBXBuildFile; fileRef = AC8BD7FE2075941E002F8453 /* release-1.0.rtf */; };
		ACF0A9C52013FE6A00F18A37 /* AppDelegate.swift in Sources */ = {isa = PBXBuildFile; fileRef = ACF0A9C42013FE6A00F18A37 /* AppDelegate.swift */; };
		ACF0A9C72013FE6A00F18A37 /* WeatherVC.swift in Sources */ = {isa = PBXBuildFile; fileRef = ACF0A9C62013FE6A00F18A37 /* WeatherVC.swift */; };
		ACF0A9CA2013FE6A00F18A37 /* Main.storyboard in Resources */ = {isa = PBXBuildFile; fileRef = ACF0A9C82013FE6A00F18A37 /* Main.storyboard */; };
		ACF0A9CC2013FE6A00F18A37 /* Assets.xcassets in Resources */ = {isa = PBXBuildFile; fileRef = ACF0A9CB2013FE6A00F18A37 /* Assets.xcassets */; };
		ACF0A9CF2013FE6A00F18A37 /* LaunchScreen.storyboard in Resources */ = {isa = PBXBuildFile; fileRef = ACF0A9CD2013FE6A00F18A37 /* LaunchScreen.storyboard */; };
		D32741A52536A021F4BEB73D /* Pods_rainyshinycloudy.framework in Frameworks */ = {isa = PBXBuildFile; fileRef = CC6E388D4DF00A4D541FD772 /* Pods_rainyshinycloudy.framework */; };
/* End PBXBuildFile section */

/* Begin PBXFileReference section */
		9259C7F606A5C6908FDEA109 /* Pods-rainyshinycloudy.debug.xcconfig */ = {isa = PBXFileReference; includeInIndex = 1; lastKnownFileType = text.xcconfig; name = "Pods-rainyshinycloudy.debug.xcconfig"; path = "Pods/Target Support Files/Pods-rainyshinycloudy/Pods-rainyshinycloudy.debug.xcconfig"; sourceTree = "<group>"; };
		A9F72D8F3579C334860EED50 /* Pods-rainyshinycloudy.release.xcconfig */ = {isa = PBXFileReference; includeInIndex = 1; lastKnownFileType = text.xcconfig; name = "Pods-rainyshinycloudy.release.xcconfig"; path = "Pods/Target Support Files/Pods-rainyshinycloudy/Pods-rainyshinycloudy.release.xcconfig"; sourceTree = "<group>"; };
		AC8BD7FE2075941E002F8453 /* release-1.0.rtf */ = {isa = PBXFileReference; lastKnownFileType = text.rtf; path = "release-1.0.rtf"; sourceTree = "<group>"; };
		ACF0A9C12013FE6A00F18A37 /* rainyshinycloudy.app */ = {isa = PBXFileReference; explicitFileType = wrapper.application; includeInIndex = 0; path = rainyshinycloudy.app; sourceTree = BUILT_PRODUCTS_DIR; };
		ACF0A9C42013FE6A00F18A37 /* AppDelegate.swift */ = {isa = PBXFileReference; lastKnownFileType = sourcecode.swift; path = AppDelegate.swift; sourceTree = "<group>"; };
		ACF0A9C62013FE6A00F18A37 /* WeatherVC.swift */ = {isa = PBXFileReference; lastKnownFileType = sourcecode.swift; path = WeatherVC.swift; sourceTree = "<group>"; };
		ACF0A9C92013FE6A00F18A37 /* Base */ = {isa = PBXFileReference; lastKnownFileType = file.storyboard; name = Base; path = Base.lproj/Main.storyboard; sourceTree = "<group>"; };
		ACF0A9CB2013FE6A00F18A37 /* Assets.xcassets */ = {isa = PBXFileReference; lastKnownFileType = folder.assetcatalog; path = Assets.xcassets; sourceTree = "<group>"; };
		ACF0A9CE2013FE6A00F18A37 /* Base */ = {isa = PBXFileReference; lastKnownFileType = file.storyboard; name = Base; path = Base.lproj/LaunchScreen.storyboard; sourceTree = "<group>"; };
		ACF0A9D02013FE6A00F18A37 /* Info.plist */ = {isa = PBXFileReference; lastKnownFileType = text.plist.xml; path = Info.plist; sourceTree = "<group>"; };
		CC6E388D4DF00A4D541FD772 /* Pods_rainyshinycloudy.framework */ = {isa = PBXFileReference; explicitFileType = wrapper.framework; includeInIndex = 0; path = Pods_rainyshinycloudy.framework; sourceTree = BUILT_PRODUCTS_DIR; };
/* End PBXFileReference section */

/* Begin PBXFrameworksBuildPhase section */
		ACF0A9BE2013FE6A00F18A37 /* Frameworks */ = {
			isa = PBXFrameworksBuildPhase;
			buildActionMask = 2147483647;
			files = (
				D32741A52536A021F4BEB73D /* Pods_rainyshinycloudy.framework in Frameworks */,
			);
			runOnlyForDeploymentPostprocessing = 0;
		};
/* End PBXFrameworksBuildPhase section */

/* Begin PBXGroup section */
		67D38459D99C8115522C2EB4 /* Frameworks */ = {
			isa = PBXGroup;
			children = (
				CC6E388D4DF00A4D541FD772 /* Pods_rainyshinycloudy.framework */,
			);
			name = Frameworks;
			sourceTree = "<group>";
		};
		AC8BD7FD20759179002F8453 /* features */ = {
			isa = PBXGroup;
			children = (
				ACF0A9CD2013FE6A00F18A37 /* LaunchScreen.storyboard */,
				ACF0A9C42013FE6A00F18A37 /* AppDelegate.swift */,
				AC8BD7FE2075941E002F8453 /* release-1.0.rtf */,
			);
			path = features;
			sourceTree = "<group>";
		};
		ACC3D67B20182F7600E38FD1 /* Model */ = {
			isa = PBXGroup;
			children = (
			);
			path = Model;
			sourceTree = "<group>";
		};
		ACC3D67C20182F7E00E38FD1 /* View */ = {
			isa = PBXGroup;
			children = (
			);
			path = View;
			sourceTree = "<group>";
		};
		ACC3D67D20182F8700E38FD1 /* Controller */ = {
			isa = PBXGroup;
			children = (
				ACF0A9C62013FE6A00F18A37 /* WeatherVC.swift */,
			);
			path = Controller;
			sourceTree = "<group>";
		};
		ACF0A9B82013FE6A00F18A37 = {
			isa = PBXGroup;
			children = (
				ACF0A9C32013FE6A00F18A37 /* rainyshinycloudy */,
				ACF0A9C22013FE6A00F18A37 /* Products */,
				F04E935D3E445135FB46FE7B /* Pods */,
				67D38459D99C8115522C2EB4 /* Frameworks */,
			);
			sourceTree = "<group>";
		};
		ACF0A9C22013FE6A00F18A37 /* Products */ = {
			isa = PBXGroup;
			children = (
				ACF0A9C12013FE6A00F18A37 /* rainyshinycloudy.app */,
			);
			name = Products;
			sourceTree = "<group>";
		};
		ACF0A9C32013FE6A00F18A37 /* rainyshinycloudy */ = {
			isa = PBXGroup;
			children = (
				ACC3D67D20182F8700E38FD1 /* Controller */,
				ACC3D67C20182F7E00E38FD1 /* View */,
				ACC3D67B20182F7600E38FD1 /* Model */,
				ACF0A9C82013FE6A00F18A37 /* Main.storyboard */,
				ACF0A9CB2013FE6A00F18A37 /* Assets.xcassets */,
				ACF0A9D02013FE6A00F18A37 /* Info.plist */,
				AC8BD7FD20759179002F8453 /* features */,
			);
			path = rainyshinycloudy;
			sourceTree = "<group>";
		};
		F04E935D3E445135FB46FE7B /* Pods */ = {
			isa = PBXGroup;
			children = (
				9259C7F606A5C6908FDEA109 /* Pods-rainyshinycloudy.debug.xcconfig */,
				A9F72D8F3579C334860EED50 /* Pods-rainyshinycloudy.release.xcconfig */,
			);
			name = Pods;
			sourceTree = "<group>";
		};
/* End PBXGroup section */

/* Begin PBXNativeTarget section */
		ACF0A9C02013FE6A00F18A37 /* rainyshinycloudy */ = {
			isa = PBXNativeTarget;
			buildConfigurationList = ACF0A9D32013FE6A00F18A37 /* Build configuration list for PBXNativeTarget "rainyshinycloudy" */;
			buildPhases = (
				4D9D413FFDE3AE0C49860D62 /* [CP] Check Pods Manifest.lock */,
				ACF0A9BD2013FE6A00F18A37 /* Sources */,
				ACF0A9BE2013FE6A00F18A37 /* Frameworks */,
				ACF0A9BF2013FE6A00F18A37 /* Resources */,
				FCED67DAD2BD75071CF6A216 /* [CP] Embed Pods Frameworks */,
				3DCE5CF4D30ACD7F6AC7A3D4 /* [CP] Copy Pods Resources */,
			);
			buildRules = (
			);
			dependencies = (
			);
			name = rainyshinycloudy;
			productName = rainyshinycloudy;
			productReference = ACF0A9C12013FE6A00F18A37 /* rainyshinycloudy.app */;
			productType = "com.apple.product-type.application";
		};
/* End PBXNativeTarget section */

/* Begin PBXProject section */
		ACF0A9B92013FE6A00F18A37 /* Project object */ = {
			isa = PBXProject;
			attributes = {
				LastSwiftUpdateCheck = 0920;
				LastUpgradeCheck = 0920;
				ORGANIZATIONNAME = "Julio Vallejo";
				TargetAttributes = {
					ACF0A9C02013FE6A00F18A37 = {
						CreatedOnToolsVersion = 9.2;
						ProvisioningStyle = Automatic;
					};
				};
			};
			buildConfigurationList = ACF0A9BC2013FE6A00F18A37 /* Build configuration list for PBXProject "rainyshinycloudy" */;
			compatibilityVersion = "Xcode 8.0";
			developmentRegion = en;
			hasScannedForEncodings = 0;
			knownRegions = (
				en,
				Base,
			);
			mainGroup = ACF0A9B82013FE6A00F18A37;
			productRefGroup = ACF0A9C22013FE6A00F18A37 /* Products */;
			projectDirPath = "";
			projectRoot = "";
			targets = (
				ACF0A9C02013FE6A00F18A37 /* rainyshinycloudy */,
			);
		};
/* End PBXProject section */

/* Begin PBXResourcesBuildPhase section */
		ACF0A9BF2013FE6A00F18A37 /* Resources */ = {
			isa = PBXResourcesBuildPhase;
			buildActionMask = 2147483647;
			files = (
				ACF0A9CF2013FE6A00F18A37 /* LaunchScreen.storyboard in Resources */,
				ACF0A9CC2013FE6A00F18A37 /* Assets.xcassets in Resources */,
				AC8BD7FF2075941E002F8453 /* release-1.0.rtf in Resources */,
				ACF0A9CA2013FE6A00F18A37 /* Main.storyboard in Resources */,
			);
			runOnlyForDeploymentPostprocessing = 0;
		};
/* End PBXResourcesBuildPhase section */

/* Begin PBXShellScriptBuildPhase section */
		3DCE5CF4D30ACD7F6AC7A3D4 /* [CP] Copy Pods Resources */ = {
			isa = PBXShellScriptBuildPhase;
			buildActionMask = 2147483647;
			files = (
			);
			inputPaths = (
			);
			name = "[CP] Copy Pods Resources";
			outputPaths = (
			);
			runOnlyForDeploymentPostprocessing = 0;
			shellPath = /bin/sh;
			shellScript = "\"${SRCROOT}/Pods/Target Support Files/Pods-rainyshinycloudy/Pods-rainyshinycloudy-resources.sh\"\n";
			showEnvVarsInLog = 0;
		};
		4D9D413FFDE3AE0C49860D62 /* [CP] Check Pods Manifest.lock */ = {
			isa = PBXShellScriptBuildPhase;
			buildActionMask = 2147483647;
			files = (
			);
			inputPaths = (
				"${PODS_PODFILE_DIR_PATH}/Podfile.lock",
				"${PODS_ROOT}/Manifest.lock",
			);
			name = "[CP] Check Pods Manifest.lock";
			outputPaths = (
				"$(DERIVED_FILE_DIR)/Pods-rainyshinycloudy-checkManifestLockResult.txt",
			);
			runOnlyForDeploymentPostprocessing = 0;
			shellPath = /bin/sh;
			shellScript = "diff \"${PODS_PODFILE_DIR_PATH}/Podfile.lock\" \"${PODS_ROOT}/Manifest.lock\" > /dev/null\nif [ $? != 0 ] ; then\n    # print error to STDERR\n    echo \"error: The sandbox is not in sync with the Podfile.lock. Run 'pod install' or update your CocoaPods installation.\" >&2\n    exit 1\nfi\n# This output is used by Xcode 'outputs' to avoid re-running this script phase.\necho \"SUCCESS\" > \"${SCRIPT_OUTPUT_FILE_0}\"\n";
			showEnvVarsInLog = 0;
		};
		FCED67DAD2BD75071CF6A216 /* [CP] Embed Pods Frameworks */ = {
			isa = PBXShellScriptBuildPhase;
			buildActionMask = 2147483647;
			files = (
			);
			inputPaths = (
				"${SRCROOT}/Pods/Target Support Files/Pods-rainyshinycloudy/Pods-rainyshinycloudy-frameworks.sh",
				"${BUILT_PRODUCTS_DIR}/Alamofire/Alamofire.framework",
			);
			name = "[CP] Embed Pods Frameworks";
			outputPaths = (
				"${TARGET_BUILD_DIR}/${FRAMEWORKS_FOLDER_PATH}/Alamofire.framework",
			);
			runOnlyForDeploymentPostprocessing = 0;
			shellPath = /bin/sh;
			shellScript = "\"${SRCROOT}/Pods/Target Support Files/Pods-rainyshinycloudy/Pods-rainyshinycloudy-frameworks.sh\"\n";
			showEnvVarsInLog = 0;
		};
/* End PBXShellScriptBuildPhase section */

/* Begin PBXSourcesBuildPhase section */
		ACF0A9BD2013FE6A00F18A37 /* Sources */ = {
			isa = PBXSourcesBuildPhase;
			buildActionMask = 2147483647;
			files = (
				ACF0A9C72013FE6A00F18A37 /* WeatherVC.swift in Sources */,
				ACF0A9C52013FE6A00F18A37 /* AppDelegate.swift in Sources */,
			);
			runOnlyForDeploymentPostprocessing = 0;
		};
/* End PBXSourcesBuildPhase section */

/* Begin PBXVariantGroup section */
		ACF0A9C82013FE6A00F18A37 /* Main.storyboard */ = {
			isa = PBXVariantGroup;
			children = (
				ACF0A9C92013FE6A00F18A37 /* Base */,
			);
			name = Main.storyboard;
			sourceTree = "<group>";
		};
		ACF0A9CD2013FE6A00F18A37 /* LaunchScreen.storyboard */ = {
			isa = PBXVariantGroup;
			children = (
				ACF0A9CE2013FE6A00F18A37 /* Base */,
			);
			name = LaunchScreen.storyboard;
			sourceTree = "<group>";
		};
/* End PBXVariantGroup section */

/* Begin XCBuildConfiguration section */
		ACF0A9D12013FE6A00F18A37 /* Debug */ = {
			isa = XCBuildConfiguration;
			buildSettings = {
				ALWAYS_SEARCH_USER_PATHS = NO;
				CLANG_ANALYZER_NONNULL = YES;
				CLANG_ANALYZER_NUMBER_OBJECT_CONVERSION = YES_AGGRESSIVE;
				CLANG_CXX_LANGUAGE_STANDARD = "gnu++14";
				CLANG_CXX_LIBRARY = "libc++";
				CLANG_ENABLE_MODULES = YES;
				CLANG_ENABLE_OBJC_ARC = YES;
				CLANG_WARN_BLOCK_CAPTURE_AUTORELEASING = YES;
				CLANG_WARN_BOOL_CONVERSION = YES;
				CLANG_WARN_COMMA = YES;
				CLANG_WARN_CONSTANT_CONVERSION = YES;
				CLANG_WARN_DIRECT_OBJC_ISA_USAGE = YES_ERROR;
				CLANG_WARN_DOCUMENTATION_COMMENTS = YES;
				CLANG_WARN_EMPTY_BODY = YES;
				CLANG_WARN_ENUM_CONVERSION = YES;
				CLANG_WARN_INFINITE_RECURSION = YES;
				CLANG_WARN_INT_CONVERSION = YES;
				CLANG_WARN_NON_LITERAL_NULL_CONVERSION = YES;
				CLANG_WARN_OBJC_LITERAL_CONVERSION = YES;
				CLANG_WARN_OBJC_ROOT_CLASS = YES_ERROR;
				CLANG_WARN_RANGE_LOOP_ANALYSIS = YES;
				CLANG_WARN_STRICT_PROTOTYPES = YES;
				CLANG_WARN_SUSPICIOUS_MOVE = YES;
				CLANG_WARN_UNGUARDED_AVAILABILITY = YES_AGGRESSIVE;
				CLANG_WARN_UNREACHABLE_CODE = YES;
				CLANG_WARN__DUPLICATE_METHOD_MATCH = YES;
				CODE_SIGN_IDENTITY = "iPhone Developer";
				COPY_PHASE_STRIP = NO;
				DEBUG_INFORMATION_FORMAT = dwarf;
				ENABLE_STRICT_OBJC_MSGSEND = YES;
				ENABLE_TESTABILITY = YES;
				GCC_C_LANGUAGE_STANDARD = gnu11;
				GCC_DYNAMIC_NO_PIC = NO;
				GCC_NO_COMMON_BLOCKS = YES;
				GCC_OPTIMIZATION_LEVEL = 0;
				GCC_PREPROCESSOR_DEFINITIONS = (
					"DEBUG=1",
					"$(inherited)",
				);
				GCC_WARN_64_TO_32_BIT_CONVERSION = YES;
				GCC_WARN_ABOUT_RETURN_TYPE = YES_ERROR;
				GCC_WARN_UNDECLARED_SELECTOR = YES;
				GCC_WARN_UNINITIALIZED_AUTOS = YES_AGGRESSIVE;
				GCC_WARN_UNUSED_FUNCTION = YES;
				GCC_WARN_UNUSED_VARIABLE = YES;
				IPHONEOS_DEPLOYMENT_TARGET = 11.2;
				MTL_ENABLE_DEBUG_INFO = YES;
				ONLY_ACTIVE_ARCH = YES;
				SDKROOT = iphoneos;
				SWIFT_ACTIVE_COMPILATION_CONDITIONS = DEBUG;
				SWIFT_OPTIMIZATION_LEVEL = "-Onone";
			};
			name = Debug;
		};
		ACF0A9D22013FE6A00F18A37 /* Release */ = {
			isa = XCBuildConfiguration;
			buildSettings = {
				ALWAYS_SEARCH_USER_PATHS = NO;
				CLANG_ANALYZER_NONNULL = YES;
				CLANG_ANALYZER_NUMBER_OBJECT_CONVERSION = YES_AGGRESSIVE;
				CLANG_CXX_LANGUAGE_STANDARD = "gnu++14";
				CLANG_CXX_LIBRARY = "libc++";
				CLANG_ENABLE_MODULES = YES;
				CLANG_ENABLE_OBJC_ARC = YES;
				CLANG_WARN_BLOCK_CAPTURE_AUTORELEASING = YES;
				CLANG_WARN_BOOL_CONVERSION = YES;
				CLANG_WARN_COMMA = YES;
				CLANG_WARN_CONSTANT_CONVERSION = YES;
				CLANG_WARN_DIRECT_OBJC_ISA_USAGE = YES_ERROR;
				CLANG_WARN_DOCUMENTATION_COMMENTS = YES;
				CLANG_WARN_EMPTY_BODY = YES;
				CLANG_WARN_ENUM_CONVERSION = YES;
				CLANG_WARN_INFINITE_RECURSION = YES;
				CLANG_WARN_INT_CONVERSION = YES;
				CLANG_WARN_NON_LITERAL_NULL_CONVERSION = YES;
				CLANG_WARN_OBJC_LITERAL_CONVERSION = YES;
				CLANG_WARN_OBJC_ROOT_CLASS = YES_ERROR;
				CLANG_WARN_RANGE_LOOP_ANALYSIS = YES;
				CLANG_WARN_STRICT_PROTOTYPES = YES;
				CLANG_WARN_SUSPICIOUS_MOVE = YES;
				CLANG_WARN_UNGUARDED_AVAILABILITY = YES_AGGRESSIVE;
				CLANG_WARN_UNREACHABLE_CODE = YES;
				CLANG_WARN__DUPLICATE_METHOD_MATCH = YES;
				CODE_SIGN_IDENTITY = "iPhone Developer";
				COPY_PHASE_STRIP = NO;
				DEBUG_INFORMATION_FORMAT = "dwarf-with-dsym";
				ENABLE_NS_ASSERTIONS = NO;
				ENABLE_STRICT_OBJC_MSGSEND = YES;
				GCC_C_LANGUAGE_STANDARD = gnu11;
				GCC_NO_COMMON_BLOCKS = YES;
				GCC_WARN_64_TO_32_BIT_CONVERSION = YES;
				GCC_WARN_ABOUT_RETURN_TYPE = YES_ERROR;
				GCC_WARN_UNDECLARED_SELECTOR = YES;
				GCC_WARN_UNINITIALIZED_AUTOS = YES_AGGRESSIVE;
				GCC_WARN_UNUSED_FUNCTION = YES;
				GCC_WARN_UNUSED_VARIABLE = YES;
				IPHONEOS_DEPLOYMENT_TARGET = 11.2;
				MTL_ENABLE_DEBUG_INFO = NO;
				SDKROOT = iphoneos;
				SWIFT_OPTIMIZATION_LEVEL = "-Owholemodule";
				VALIDATE_PRODUCT = YES;
			};
			name = Release;
		};
		ACF0A9D42013FE6A00F18A37 /* Debug */ = {
			isa = XCBuildConfiguration;
			baseConfigurationReference = 9259C7F606A5C6908FDEA109 /* Pods-rainyshinycloudy.debug.xcconfig */;
			buildSettings = {
				ASSETCATALOG_COMPILER_APPICON_NAME = AppIcon;
				CODE_SIGN_STYLE = Automatic;
				DEVELOPMENT_TEAM = ACM9TE242U;
				INFOPLIST_FILE = rainyshinycloudy/Info.plist;
				LD_RUNPATH_SEARCH_PATHS = "$(inherited) @executable_path/Frameworks";
				PRODUCT_BUNDLE_IDENTIFIER = com.javahome.rainyshinycloudy;
				PRODUCT_NAME = "$(TARGET_NAME)";
				SWIFT_VERSION = 4.0;
				TARGETED_DEVICE_FAMILY = "1,2";
			};
			name = Debug;
		};
		ACF0A9D52013FE6A00F18A37 /* Release */ = {
			isa = XCBuildConfiguration;
			baseConfigurationReference = A9F72D8F3579C334860EED50 /* Pods-rainyshinycloudy.release.xcconfig */;
			buildSettings = {
				ASSETCATALOG_COMPILER_APPICON_NAME = AppIcon;
				CODE_SIGN_STYLE = Automatic;
				DEVELOPMENT_TEAM = ACM9TE242U;
				INFOPLIST_FILE = rainyshinycloudy/Info.plist;
				LD_RUNPATH_SEARCH_PATHS = "$(inherited) @executable_path/Frameworks";
				PRODUCT_BUNDLE_IDENTIFIER = com.javahome.rainyshinycloudy;
				PRODUCT_NAME = "$(TARGET_NAME)";
				SWIFT_VERSION = 4.0;
				TARGETED_DEVICE_FAMILY = "1,2";
			};
			name = Release;
		};
/* End XCBuildConfiguration section */

/* Begin XCConfigurationList section */
		ACF0A9BC2013FE6A00F18A37 /* Build configuration list for PBXProject "rainyshinycloudy" */ = {
			isa = XCConfigurationList;
			buildConfigurations = (
				ACF0A9D12013FE6A00F18A37 /* Debug */,
				ACF0A9D22013FE6A00F18A37 /* Release */,
			);
			defaultConfigurationIsVisible = 0;
			defaultConfigurationName = Release;
		};
		ACF0A9D32013FE6A00F18A37 /* Build configuration list for PBXNativeTarget "rainyshinycloudy" */ = {
			isa = XCConfigurationList;
			buildConfigurations = (
				ACF0A9D42013FE6A00F18A37 /* Debug */,
				ACF0A9D52013FE6A00F18A37 /* Release */,
			);
			defaultConfigurationIsVisible = 0;
			defaultConfigurationName = Release;
		};
/* End XCConfigurationList section */
	};
	rootObject = ACF0A9B92013FE6A00F18A37 /* Project object */;
}
